
Microsoft Visual Studio Solution File, Format Version 12.00
Project("{FAE04EC0-301F-11D3-BF4B-00C04F79EFBC}") = "APBD_Zad", "APBD_Zad\APBD_Zad.csproj", "{1A0743C8-DA98-493E-876E-04A725C28995}"
EndProject
Global
	GlobalSection(SolutionConfigurationPlatforms) = preSolution
		Debug|Any CPU = Debug|Any CPU
		Release|Any CPU = Release|Any CPU
	EndGlobalSection
	GlobalSection(ProjectConfigurationPlatforms) = postSolution
		{1A0743C8-DA98-493E-876E-04A725C28995}.Debug|Any CPU.ActiveCfg = Debug|Any CPU
		{1A0743C8-DA98-493E-876E-04A725C28995}.Debug|Any CPU.Build.0 = Debug|Any CPU
		{1A0743C8-DA98-493E-876E-04A725C28995}.Release|Any CPU.ActiveCfg = Release|Any CPU
		{1A0743C8-DA98-493E-876E-04A725C28995}.Release|Any CPU.Build.0 = Release|Any CPU
	EndGlobalSection
EndGlobal
